
Microsoft Visual Studio Solution File, Format Version 12.00
# Visual Studio Version 16
VisualStudioVersion = 16.0.30523.141
MinimumVisualStudioVersion = 10.0.40219.1
Project("{FAE04EC0-301F-11D3-BF4B-00C04F79EFBC}") = "EfaasSampleMvcWebApplication", "EfaasSampleMvcWebApplication\EfaasSampleMvcWebApplication.csproj", "{7A04A1FD-19FB-4A76-90F4-30743245EE52}"
EndProject
Global
	GlobalSection(SolutionConfigurationPlatforms) = preSolution
		Debug|Any CPU = Debug|Any CPU
		Release|Any CPU = Release|Any CPU
	EndGlobalSection
	GlobalSection(ProjectConfigurationPlatforms) = postSolution
		{7A04A1FD-19FB-4A76-90F4-30743245EE52}.Debug|Any CPU.ActiveCfg = Debug|Any CPU
		{7A04A1FD-19FB-4A76-90F4-30743245EE52}.Debug|Any CPU.Build.0 = Debug|Any CPU
		{7A04A1FD-19FB-4A76-90F4-30743245EE52}.Release|Any CPU.ActiveCfg = Release|Any CPU
		{7A04A1FD-19FB-4A76-90F4-30743245EE52}.Release|Any CPU.Build.0 = Release|Any CPU
	EndGlobalSection
	GlobalSection(SolutionProperties) = preSolution
		HideSolutionNode = FALSE
	EndGlobalSection
	GlobalSection(ExtensibilityGlobals) = postSolution
		SolutionGuid = {98BE62C4-28F1-49B7-BBBA-A87CAC8DB2A7}
	EndGlobalSection
EndGlobal
